
Microsoft Visual Studio Solution File, Format Version 12.00
# Visual Studio 14
VisualStudioVersion = 14.0.24720.0
MinimumVisualStudioVersion = 10.0.40219.1
Project("{8BC9CEB8-8B4A-11D0-8D11-00A0C91BC942}") = "X10ExSketch", "X10ExSketch.vcxproj", "{CC989206-163A-4AC1-9BBE-EECAE65B5D8E}"
EndProject
Project("{2150E333-8FDC-42A3-9474-1A3956D46DE8}") = "Solution Items", "Solution Items", "{BD41B410-1D4C-48F2-93F9-50C2C25694B8}"
	ProjectSection(SolutionItems) = preProject
		README.md = README.md
	EndProjectSection
EndProject
Global
	GlobalSection(SolutionConfigurationPlatforms) = preSolution
		Debug|AVR = Debug|AVR
		Debug|x64 = Debug|x64
		Debug|x86 = Debug|x86
		Development|AVR = Development|AVR
		Development|x64 = Development|x64
		Development|x86 = Development|x86
		Release|AVR = Release|AVR
		Release|x64 = Release|x64
		Release|x86 = Release|x86
	EndGlobalSection
	GlobalSection(ProjectConfigurationPlatforms) = postSolution
		{CC989206-163A-4AC1-9BBE-EECAE65B5D8E}.Debug|AVR.ActiveCfg = Debug|Win32
		{CC989206-163A-4AC1-9BBE-EECAE65B5D8E}.Debug|AVR.Build.0 = Debug|Win32
		{CC989206-163A-4AC1-9BBE-EECAE65B5D8E}.Debug|x64.ActiveCfg = Debug|x64
		{CC989206-163A-4AC1-9BBE-EECAE65B5D8E}.Debug|x64.Build.0 = Debug|x64
		{CC989206-163A-4AC1-9BBE-EECAE65B5D8E}.Debug|x86.ActiveCfg = Debug|Win32
		{CC989206-163A-4AC1-9BBE-EECAE65B5D8E}.Debug|x86.Build.0 = Debug|Win32
		{CC989206-163A-4AC1-9BBE-EECAE65B5D8E}.Development|AVR.ActiveCfg = Development|Win32
		{CC989206-163A-4AC1-9BBE-EECAE65B5D8E}.Development|x64.ActiveCfg = Development|x64
		{CC989206-163A-4AC1-9BBE-EECAE65B5D8E}.Development|x64.Build.0 = Development|x64
		{CC989206-163A-4AC1-9BBE-EECAE65B5D8E}.Development|x86.ActiveCfg = Development|Win32
		{CC989206-163A-4AC1-9BBE-EECAE65B5D8E}.Development|x86.Build.0 = Development|Win32
		{CC989206-163A-4AC1-9BBE-EECAE65B5D8E}.Release|AVR.ActiveCfg = Release|Win32
		{CC989206-163A-4AC1-9BBE-EECAE65B5D8E}.Release|AVR.Build.0 = Release|Win32
		{CC989206-163A-4AC1-9BBE-EECAE65B5D8E}.Release|x64.ActiveCfg = Release|x64
		{CC989206-163A-4AC1-9BBE-EECAE65B5D8E}.Release|x64.Build.0 = Release|x64
		{CC989206-163A-4AC1-9BBE-EECAE65B5D8E}.Release|x86.ActiveCfg = Release|Win32
		{CC989206-163A-4AC1-9BBE-EECAE65B5D8E}.Release|x86.Build.0 = Release|Win32
	EndGlobalSection
	GlobalSection(SolutionProperties) = preSolution
		HideSolutionNode = FALSE
	EndGlobalSection
EndGlobal
